
Microsoft Visual Studio Solution File, Format Version 12.00
# Visual Studio Version 17
VisualStudioVersion = 17.8.34408.163
MinimumVisualStudioVersion = 10.0.40219.1
Project("{FAE04EC0-301F-11D3-BF4B-00C04F79EFBC}") = "Proyecto", "Proyecto.csproj", "{D52FE32B-DC8D-4A82-9112-32993AF97712}"
EndProject
Global
	GlobalSection(SolutionConfigurationPlatforms) = preSolution
		Debug|Any CPU = Debug|Any CPU
		Release|Any CPU = Release|Any CPU
	EndGlobalSection
	GlobalSection(ProjectConfigurationPlatforms) = postSolution
		{D52FE32B-DC8D-4A82-9112-32993AF97712}.Debug|Any CPU.ActiveCfg = Debug|Any CPU
		{D52FE32B-DC8D-4A82-9112-32993AF97712}.Debug|Any CPU.Build.0 = Debug|Any CPU
		{D52FE32B-DC8D-4A82-9112-32993AF97712}.Release|Any CPU.ActiveCfg = Release|Any CPU
		{D52FE32B-DC8D-4A82-9112-32993AF97712}.Release|Any CPU.Build.0 = Release|Any CPU
	EndGlobalSection
	GlobalSection(SolutionProperties) = preSolution
		HideSolutionNode = FALSE
	EndGlobalSection
	GlobalSection(ExtensibilityGlobals) = postSolution
		SolutionGuid = {F148F90A-0204-41E5-9A4E-C086EE921C00}
	EndGlobalSection
EndGlobal
